
Microsoft Visual Studio Solution File, Format Version 12.00
# Visual Studio Version 16
VisualStudioVersion = 16.0.29519.181
MinimumVisualStudioVersion = 10.0.40219.1
Project("{00D1A9C2-B5F0-4AF3-8072-F6C62B433612}") = "ISMDatabase", "ISMDatabase\ISMDatabase.sqlproj", "{D306E01B-C03E-4CB2-8D67-4B3DF76E809F}"
EndProject
Project("{FAE04EC0-301F-11D3-BF4B-00C04F79EFBC}") = "Database1", "Database1\Database1.csproj", "{27C2A2A0-F3AD-47BD-8FA4-B3A300ABE383}"
EndProject
Global
	GlobalSection(SolutionConfigurationPlatforms) = preSolution
		Debug|Any CPU = Debug|Any CPU
		Release|Any CPU = Release|Any CPU
	EndGlobalSection
	GlobalSection(ProjectConfigurationPlatforms) = postSolution
		{D306E01B-C03E-4CB2-8D67-4B3DF76E809F}.Debug|Any CPU.ActiveCfg = Debug|Any CPU
		{D306E01B-C03E-4CB2-8D67-4B3DF76E809F}.Debug|Any CPU.Build.0 = Debug|Any CPU
		{D306E01B-C03E-4CB2-8D67-4B3DF76E809F}.Debug|Any CPU.Deploy.0 = Debug|Any CPU
		{D306E01B-C03E-4CB2-8D67-4B3DF76E809F}.Release|Any CPU.ActiveCfg = Release|Any CPU
		{D306E01B-C03E-4CB2-8D67-4B3DF76E809F}.Release|Any CPU.Build.0 = Release|Any CPU
		{D306E01B-C03E-4CB2-8D67-4B3DF76E809F}.Release|Any CPU.Deploy.0 = Release|Any CPU
		{27C2A2A0-F3AD-47BD-8FA4-B3A300ABE383}.Debug|Any CPU.ActiveCfg = Debug|Any CPU
		{27C2A2A0-F3AD-47BD-8FA4-B3A300ABE383}.Debug|Any CPU.Build.0 = Debug|Any CPU
		{27C2A2A0-F3AD-47BD-8FA4-B3A300ABE383}.Release|Any CPU.ActiveCfg = Release|Any CPU
		{27C2A2A0-F3AD-47BD-8FA4-B3A300ABE383}.Release|Any CPU.Build.0 = Release|Any CPU
	EndGlobalSection
	GlobalSection(SolutionProperties) = preSolution
		HideSolutionNode = FALSE
	EndGlobalSection
	GlobalSection(ExtensibilityGlobals) = postSolution
		SolutionGuid = {D43C7E69-2089-4253-A8A2-CD653AE8375B}
	EndGlobalSection
EndGlobal
